github.com/mfauzirh/go-package-example v1.0.0 h1:UnvisqXsTNAin2kHOEEg0WN1qrEudc7AcaqvMqJbqO0=
github.com/mfauzirh/go-package-example v1.0.0/go.mod h1:3LRhajP30Pe6LuLzvjhgczysIneEl7+xq8QWiOo7laY=
github.com/mfauzirh/go-package-example v1.5.0 h1:ezo8AxuGzfODNuxbYpuXgkxERW2Yr2KGcit4uV496CE=
github.com/mfauzirh/go-package-example v1.5.0/go.mod h1:3LRhajP30Pe6LuLzvjhgczysIneEl7+xq8QWiOo7laY=
